
Microsoft Visual Studio Solution File, Format Version 12.00
# Visual Studio 15
VisualStudioVersion = 15.0.27703.2026
MinimumVisualStudioVersion = 10.0.40219.1
Project("{9A19103F-16F7-4668-BE54-9A1E7A4F7556}") = "UnitTest", "UnitTest\UnitTest.csproj", "{ADB2F2BB-ADE0-4F5D-B56E-37FA0C6B464E}"
EndProject
Project("{9A19103F-16F7-4668-BE54-9A1E7A4F7556}") = "ServiceTest", "ServiceTest\ServiceTest.csproj", "{B0FDE28B-E747-478A-AFF0-9BEEF881A7EB}"
EndProject
Project("{9A19103F-16F7-4668-BE54-9A1E7A4F7556}") = "DirectoryServiceAPI", "DirectoryServiceAPI\DirectoryServiceAPI.csproj", "{00DD999C-B67C-4BB2-ADB2-309E692D4F64}"
EndProject
Global
	GlobalSection(SolutionConfigurationPlatforms) = preSolution
		Debug|Any CPU = Debug|Any CPU
		Release|Any CPU = Release|Any CPU
	EndGlobalSection
	GlobalSection(ProjectConfigurationPlatforms) = postSolution
		{ADB2F2BB-ADE0-4F5D-B56E-37FA0C6B464E}.Debug|Any CPU.ActiveCfg = Debug|Any CPU
		{ADB2F2BB-ADE0-4F5D-B56E-37FA0C6B464E}.Debug|Any CPU.Build.0 = Debug|Any CPU
		{ADB2F2BB-ADE0-4F5D-B56E-37FA0C6B464E}.Release|Any CPU.ActiveCfg = Release|Any CPU
		{ADB2F2BB-ADE0-4F5D-B56E-37FA0C6B464E}.Release|Any CPU.Build.0 = Release|Any CPU
		{B0FDE28B-E747-478A-AFF0-9BEEF881A7EB}.Debug|Any CPU.ActiveCfg = Debug|Any CPU
		{B0FDE28B-E747-478A-AFF0-9BEEF881A7EB}.Debug|Any CPU.Build.0 = Debug|Any CPU
		{B0FDE28B-E747-478A-AFF0-9BEEF881A7EB}.Release|Any CPU.ActiveCfg = Release|Any CPU
		{B0FDE28B-E747-478A-AFF0-9BEEF881A7EB}.Release|Any CPU.Build.0 = Release|Any CPU
		{00DD999C-B67C-4BB2-ADB2-309E692D4F64}.Debug|Any CPU.ActiveCfg = Debug|Any CPU
		{00DD999C-B67C-4BB2-ADB2-309E692D4F64}.Debug|Any CPU.Build.0 = Debug|Any CPU
		{00DD999C-B67C-4BB2-ADB2-309E692D4F64}.Release|Any CPU.ActiveCfg = Release|Any CPU
		{00DD999C-B67C-4BB2-ADB2-309E692D4F64}.Release|Any CPU.Build.0 = Release|Any CPU
	EndGlobalSection
	GlobalSection(SolutionProperties) = preSolution
		HideSolutionNode = FALSE
	EndGlobalSection
	GlobalSection(ExtensibilityGlobals) = postSolution
		SolutionGuid = {4F9EC0C3-8A54-4BEA-B261-68633B976FC4}
	EndGlobalSection
EndGlobal
